// !$*UTF8*$!
{
	archiveVersion = 1;
	classes = {
	};
	objectVersion = 55;
	objects = {

/* Begin PBXBuildFile section */
		6135B79227E7A2A80083F30E /* ViagemTableViewCell.swift in Sources */ = {isa = PBXBuildFile; fileRef = 6135B79027E7A2A80083F30E /* ViagemTableViewCell.swift */; };
		6135B79327E7A2A80083F30E /* ViagemTableViewCell.xib in Resources */ = {isa = PBXBuildFile; fileRef = 6135B79127E7A2A80083F30E /* ViagemTableViewCell.xib */; };
		6163685A27E8CBC1005F93CE /* server-response.json in Resources */ = {isa = PBXBuildFile; fileRef = 6163685927E8CBC1005F93CE /* server-response.json */; };
		6163685C27E8CBDE005F93CE /* DecodableData.swift in Sources */ = {isa = PBXBuildFile; fileRef = 6163685B27E8CBDE005F93CE /* DecodableData.swift */; };
		6163685E27E8CBFC005F93CE /* TiposDeViagens.swift in Sources */ = {isa = PBXBuildFile; fileRef = 6163685D27E8CBFB005F93CE /* TiposDeViagens.swift */; };
		6163686027E8CC19005F93CE /* Viagem.swift in Sources */ = {isa = PBXBuildFile; fileRef = 6163685F27E8CC19005F93CE /* Viagem.swift */; };
		6163686327E8CC7D005F93CE /* UIView+Extension.swift in Sources */ = {isa = PBXBuildFile; fileRef = 6163686227E8CC7D005F93CE /* UIView+Extension.swift */; };
		6163686527E8CD09005F93CE /* ViagemViewModel.swift in Sources */ = {isa = PBXBuildFile; fileRef = 6163686427E8CD09005F93CE /* ViagemViewModel.swift */; };
		6163686727E8CE71005F93CE /* ViagemDestaqueViewModel.swift in Sources */ = {isa = PBXBuildFile; fileRef = 6163686627E8CE71005F93CE /* ViagemDestaqueViewModel.swift */; };
		61691A4627E61E5B00F421A8 /* AppDelegate.swift in Sources */ = {isa = PBXBuildFile; fileRef = 61691A4527E61E5B00F421A8 /* AppDelegate.swift */; };
		61691A4827E61E5B00F421A8 /* SceneDelegate.swift in Sources */ = {isa = PBXBuildFile; fileRef = 61691A4727E61E5B00F421A8 /* SceneDelegate.swift */; };
		61691A4A27E61E5B00F421A8 /* ViewController.swift in Sources */ = {isa = PBXBuildFile; fileRef = 61691A4927E61E5B00F421A8 /* ViewController.swift */; };
		61691A4D27E61E5B00F421A8 /* Main.storyboard in Resources */ = {isa = PBXBuildFile; fileRef = 61691A4B27E61E5B00F421A8 /* Main.storyboard */; };
		61691A4F27E61E6000F421A8 /* Assets.xcassets in Resources */ = {isa = PBXBuildFile; fileRef = 61691A4E27E61E6000F421A8 /* Assets.xcassets */; };
		61691A5227E61E6000F421A8 /* LaunchScreen.storyboard in Resources */ = {isa = PBXBuildFile; fileRef = 61691A5027E61E6000F421A8 /* LaunchScreen.storyboard */; };
		61691A5A27E628E200F421A8 /* HomeTableViewHeader.xib in Resources */ = {isa = PBXBuildFile; fileRef = 61691A5927E628E200F421A8 /* HomeTableViewHeader.xib */; };
		61691A5C27E6536C00F421A8 /* HomeTableViewHeader.swift in Sources */ = {isa = PBXBuildFile; fileRef = 61691A5B27E6536C00F421A8 /* HomeTableViewHeader.swift */; };
		61CDF30627EA6D4B00E7E91F /* OfertaTableViewCell.swift in Sources */ = {isa = PBXBuildFile; fileRef = 61CDF30427EA6D4A00E7E91F /* OfertaTableViewCell.swift */; };
		61CDF30727EA6D4B00E7E91F /* OfertaTableViewCell.xib in Resources */ = {isa = PBXBuildFile; fileRef = 61CDF30527EA6D4A00E7E91F /* OfertaTableViewCell.xib */; };
/* End PBXBuildFile section */

/* Begin PBXFileReference section */
		6135B79027E7A2A80083F30E /* ViagemTableViewCell.swift */ = {isa = PBXFileReference; lastKnownFileType = sourcecode.swift; path = ViagemTableViewCell.swift; sourceTree = "<group>"; };
		6135B79127E7A2A80083F30E /* ViagemTableViewCell.xib */ = {isa = PBXFileReference; lastKnownFileType = file.xib; path = ViagemTableViewCell.xib; sourceTree = "<group>"; };
		6163685927E8CBC1005F93CE /* server-response.json */ = {isa = PBXFileReference; fileEncoding = 4; lastKnownFileType = text.json; path = "server-response.json"; sourceTree = "<group>"; };
		6163685B27E8CBDE005F93CE /* DecodableData.swift */ = {isa = PBXFileReference; fileEncoding = 4; lastKnownFileType = sourcecode.swift; path = DecodableData.swift; sourceTree = "<group>"; };
		6163685D27E8CBFB005F93CE /* TiposDeViagens.swift */ = {isa = PBXFileReference; fileEncoding = 4; lastKnownFileType = sourcecode.swift; path = TiposDeViagens.swift; sourceTree = "<group>"; };
		6163685F27E8CC19005F93CE /* Viagem.swift */ = {isa = PBXFileReference; fileEncoding = 4; lastKnownFileType = sourcecode.swift; path = Viagem.swift; sourceTree = "<group>"; };
		6163686227E8CC7D005F93CE /* UIView+Extension.swift */ = {isa = PBXFileReference; fileEncoding = 4; lastKnownFileType = sourcecode.swift; path = "UIView+Extension.swift"; sourceTree = "<group>"; };
		6163686427E8CD09005F93CE /* ViagemViewModel.swift */ = {isa = PBXFileReference; lastKnownFileType = sourcecode.swift; path = ViagemViewModel.swift; sourceTree = "<group>"; };
		6163686627E8CE71005F93CE /* ViagemDestaqueViewModel.swift */ = {isa = PBXFileReference; lastKnownFileType = sourcecode.swift; path = ViagemDestaqueViewModel.swift; sourceTree = "<group>"; };
		61691A4227E61E5B00F421A8 /* AluraViagens.app */ = {isa = PBXFileReference; explicitFileType = wrapper.application; includeInIndex = 0; path = AluraViagens.app; sourceTree = BUILT_PRODUCTS_DIR; };
		61691A4527E61E5B00F421A8 /* AppDelegate.swift */ = {isa = PBXFileReference; lastKnownFileType = sourcecode.swift; path = AppDelegate.swift; sourceTree = "<group>"; };
		61691A4727E61E5B00F421A8 /* SceneDelegate.swift */ = {isa = PBXFileReference; lastKnownFileType = sourcecode.swift; path = SceneDelegate.swift; sourceTree = "<group>"; };
		61691A4927E61E5B00F421A8 /* ViewController.swift */ = {isa = PBXFileReference; lastKnownFileType = sourcecode.swift; path = ViewController.swift; sourceTree = "<group>"; };
		61691A4C27E61E5B00F421A8 /* Base */ = {isa = PBXFileReference; lastKnownFileType = file.storyboard; name = Base; path = Base.lproj/Main.storyboard; sourceTree = "<group>"; };
		61691A4E27E61E6000F421A8 /* Assets.xcassets */ = {isa = PBXFileReference; lastKnownFileType = folder.assetcatalog; path = Assets.xcassets; sourceTree = "<group>"; };
		61691A5127E61E6000F421A8 /* Base */ = {isa = PBXFileReference; lastKnownFileType = file.storyboard; name = Base; path = Base.lproj/LaunchScreen.storyboard; sourceTree = "<group>"; };
		61691A5327E61E6000F421A8 /* Info.plist */ = {isa = PBXFileReference; lastKnownFileType = text.plist.xml; path = Info.plist; sourceTree = "<group>"; };
		61691A5927E628E200F421A8 /* HomeTableViewHeader.xib */ = {isa = PBXFileReference; lastKnownFileType = file.xib; path = HomeTableViewHeader.xib; sourceTree = "<group>"; };
		61691A5B27E6536C00F421A8 /* HomeTableViewHeader.swift */ = {isa = PBXFileReference; lastKnownFileType = sourcecode.swift; path = HomeTableViewHeader.swift; sourceTree = "<group>"; };
		61CDF30427EA6D4A00E7E91F /* OfertaTableViewCell.swift */ = {isa = PBXFileReference; lastKnownFileType = sourcecode.swift; path = OfertaTableViewCell.swift; sourceTree = "<group>"; };
		61CDF30527EA6D4A00E7E91F /* OfertaTableViewCell.xib */ = {isa = PBXFileReference; lastKnownFileType = file.xib; path = OfertaTableViewCell.xib; sourceTree = "<group>"; };
/* End PBXFileReference section */

/* Begin PBXFrameworksBuildPhase section */
		61691A3F27E61E5B00F421A8 /* Frameworks */ = {
			isa = PBXFrameworksBuildPhase;
			buildActionMask = 2147483647;
			files = (
			);
			runOnlyForDeploymentPostprocessing = 0;
		};
/* End PBXFrameworksBuildPhase section */

/* Begin PBXGroup section */
		6135B78227E78AD90083F30E /* AppDelegate */ = {
			isa = PBXGroup;
			children = (
				61691A4527E61E5B00F421A8 /* AppDelegate.swift */,
				61691A4727E61E5B00F421A8 /* SceneDelegate.swift */,
			);
			path = AppDelegate;
			sourceTree = "<group>";
		};
		6135B78327E78B100083F30E /* Model */ = {
			isa = PBXGroup;
			children = (
				6163685D27E8CBFB005F93CE /* TiposDeViagens.swift */,
				6163685B27E8CBDE005F93CE /* DecodableData.swift */,
				6163685F27E8CC19005F93CE /* Viagem.swift */,
			);
			path = Model;
			sourceTree = "<group>";
		};
		6135B78427E78B3B0083F30E /* View */ = {
			isa = PBXGroup;
			children = (
				6135B78627E78B890083F30E /* Header */,
				6135B78727E79F590083F30E /* Cells */,
				61691A4927E61E5B00F421A8 /* ViewController.swift */,
				61691A4B27E61E5B00F421A8 /* Main.storyboard */,
			);
			path = View;
			sourceTree = "<group>";
		};
		6135B78527E78B500083F30E /* ViewModel */ = {
			isa = PBXGroup;
			children = (
				6163686427E8CD09005F93CE /* ViagemViewModel.swift */,
				6163686627E8CE71005F93CE /* ViagemDestaqueViewModel.swift */,
			);
			path = ViewModel;
			sourceTree = "<group>";
		};
		6135B78627E78B890083F30E /* Header */ = {
			isa = PBXGroup;
			children = (
				61691A5B27E6536C00F421A8 /* HomeTableViewHeader.swift */,
				61691A5927E628E200F421A8 /* HomeTableViewHeader.xib */,
			);
			path = Header;
			sourceTree = "<group>";
		};
		6135B78727E79F590083F30E /* Cells */ = {
			isa = PBXGroup;
			children = (
				61CDF30327EA6CF500E7E91F /* Oferta */,
				61CDF30227EA6CE100E7E91F /* Destaque */,
			);
			path = Cells;
			sourceTree = "<group>";
		};
		6163685827E8CB60005F93CE /* Mock */ = {
			isa = PBXGroup;
			children = (
				6163685927E8CBC1005F93CE /* server-response.json */,
			);
			path = Mock;
			sourceTree = "<group>";
		};
		6163686127E8CC52005F93CE /* Extensions */ = {
			isa = PBXGroup;
			children = (
				6163686227E8CC7D005F93CE /* UIView+Extension.swift */,
			);
			path = Extensions;
			sourceTree = "<group>";
		};
		61691A3927E61E5B00F421A8 = {
			isa = PBXGroup;
			children = (
				61691A4427E61E5B00F421A8 /* AluraViagens */,
				61691A4327E61E5B00F421A8 /* Products */,
			);
			sourceTree = "<group>";
		};
		61691A4327E61E5B00F421A8 /* Products */ = {
			isa = PBXGroup;
			children = (
				61691A4227E61E5B00F421A8 /* AluraViagens.app */,
			);
			name = Products;
			sourceTree = "<group>";
		};
		61691A4427E61E5B00F421A8 /* AluraViagens */ = {
			isa = PBXGroup;
			children = (
				6135B78227E78AD90083F30E /* AppDelegate */,
				6135B78327E78B100083F30E /* Model */,
				6135B78427E78B3B0083F30E /* View */,
				6135B78527E78B500083F30E /* ViewModel */,
				6163686127E8CC52005F93CE /* Extensions */,
				61691A4E27E61E6000F421A8 /* Assets.xcassets */,
				6163685827E8CB60005F93CE /* Mock */,
				61691A5027E61E6000F421A8 /* LaunchScreen.storyboard */,
				61691A5327E61E6000F421A8 /* Info.plist */,
			);
			path = AluraViagens;
			sourceTree = "<group>";
		};
		61CDF30227EA6CE100E7E91F /* Destaque */ = {
			isa = PBXGroup;
			children = (
				61CDF30427EA6D4A00E7E91F /* OfertaTableViewCell.swift */,
				61CDF30527EA6D4A00E7E91F /* OfertaTableViewCell.xib */,
			);
			path = Destaque;
			sourceTree = "<group>";
		};
		61CDF30327EA6CF500E7E91F /* Oferta */ = {
			isa = PBXGroup;
			children = (
				6135B79027E7A2A80083F30E /* ViagemTableViewCell.swift */,
				6135B79127E7A2A80083F30E /* ViagemTableViewCell.xib */,
			);
			path = Oferta;
			sourceTree = "<group>";
		};
/* End PBXGroup section */

/* Begin PBXNativeTarget section */
		61691A4127E61E5B00F421A8 /* AluraViagens */ = {
			isa = PBXNativeTarget;
			buildConfigurationList = 61691A5627E61E6000F421A8 /* Build configuration list for PBXNativeTarget "AluraViagens" */;
			buildPhases = (
				61691A3E27E61E5B00F421A8 /* Sources */,
				61691A3F27E61E5B00F421A8 /* Frameworks */,
				61691A4027E61E5B00F421A8 /* Resources */,
			);
			buildRules = (
			);
			dependencies = (
			);
			name = AluraViagens;
			productName = AluraViagens;
			productReference = 61691A4227E61E5B00F421A8 /* AluraViagens.app */;
			productType = "com.apple.product-type.application";
		};
/* End PBXNativeTarget section */

/* Begin PBXProject section */
		61691A3A27E61E5B00F421A8 /* Project object */ = {
			isa = PBXProject;
			attributes = {
				BuildIndependentTargetsInParallel = 1;
				LastSwiftUpdateCheck = 1330;
				LastUpgradeCheck = 1330;
				TargetAttributes = {
					61691A4127E61E5B00F421A8 = {
						CreatedOnToolsVersion = 13.3;
					};
				};
			};
			buildConfigurationList = 61691A3D27E61E5B00F421A8 /* Build configuration list for PBXProject "AluraViagens" */;
			compatibilityVersion = "Xcode 13.0";
			developmentRegion = en;
			hasScannedForEncodings = 0;
			knownRegions = (
				en,
				Base,
			);
			mainGroup = 61691A3927E61E5B00F421A8;
			productRefGroup = 61691A4327E61E5B00F421A8 /* Products */;
			projectDirPath = "";
			projectRoot = "";
			targets = (
				61691A4127E61E5B00F421A8 /* AluraViagens */,
			);
		};
/* End PBXProject section */

/* Begin PBXResourcesBuildPhase section */
		61691A4027E61E5B00F421A8 /* Resources */ = {
			isa = PBXResourcesBuildPhase;
			buildActionMask = 2147483647;
			files = (
				61691A5227E61E6000F421A8 /* LaunchScreen.storyboard in Resources */,
				6163685A27E8CBC1005F93CE /* server-response.json in Resources */,
				61691A5A27E628E200F421A8 /* HomeTableViewHeader.xib in Resources */,
				61691A4F27E61E6000F421A8 /* Assets.xcassets in Resources */,
				61691A4D27E61E5B00F421A8 /* Main.storyboard in Resources */,
				6135B79327E7A2A80083F30E /* ViagemTableViewCell.xib in Resources */,
				61CDF30727EA6D4B00E7E91F /* OfertaTableViewCell.xib in Resources */,
			);
			runOnlyForDeploymentPostprocessing = 0;
		};
/* End PBXResourcesBuildPhase section */

/* Begin PBXSourcesBuildPhase section */
		61691A3E27E61E5B00F421A8 /* Sources */ = {
			isa = PBXSourcesBuildPhase;
			buildActionMask = 2147483647;
			files = (
				6163686027E8CC19005F93CE /* Viagem.swift in Sources */,
				61691A4A27E61E5B00F421A8 /* ViewController.swift in Sources */,
				6135B79227E7A2A80083F30E /* ViagemTableViewCell.swift in Sources */,
				6163686327E8CC7D005F93CE /* UIView+Extension.swift in Sources */,
				61CDF30627EA6D4B00E7E91F /* OfertaTableViewCell.swift in Sources */,
				6163685E27E8CBFC005F93CE /* TiposDeViagens.swift in Sources */,
				61691A5C27E6536C00F421A8 /* HomeTableViewHeader.swift in Sources */,
				6163685C27E8CBDE005F93CE /* DecodableData.swift in Sources */,
				61691A4627E61E5B00F421A8 /* AppDelegate.swift in Sources */,
				61691A4827E61E5B00F421A8 /* SceneDelegate.swift in Sources */,
				6163686527E8CD09005F93CE /* ViagemViewModel.swift in Sources */,
				6163686727E8CE71005F93CE /* ViagemDestaqueViewModel.swift in Sources */,
			);
			runOnlyForDeploymentPostprocessing = 0;
		};
/* End PBXSourcesBuildPhase section */

/* Begin PBXVariantGroup section */
		61691A4B27E61E5B00F421A8 /* Main.storyboard */ = {
			isa = PBXVariantGroup;
			children = (
				61691A4C27E61E5B00F421A8 /* Base */,
			);
			name = Main.storyboard;
			sourceTree = "<group>";
		};
		61691A5027E61E6000F421A8 /* LaunchScreen.storyboard */ = {
			isa = PBXVariantGroup;
			children = (
				61691A5127E61E6000F421A8 /* Base */,
			);
			name = LaunchScreen.storyboard;
			sourceTree = "<group>";
		};
/* End PBXVariantGroup section */

/* Begin XCBuildConfiguration section */
		61691A5427E61E6000F421A8 /* Debug */ = {
			isa = XCBuildConfiguration;
			buildSettings = {
				ALWAYS_SEARCH_USER_PATHS = NO;
				CLANG_ANALYZER_NONNULL = YES;
				CLANG_ANALYZER_NUMBER_OBJECT_CONVERSION = YES_AGGRESSIVE;
				CLANG_CXX_LANGUAGE_STANDARD = "gnu++17";
				CLANG_ENABLE_MODULES = YES;
				CLANG_ENABLE_OBJC_ARC = YES;
				CLANG_ENABLE_OBJC_WEAK = YES;
				CLANG_WARN_BLOCK_CAPTURE_AUTORELEASING = YES;
				CLANG_WARN_BOOL_CONVERSION = YES;
				CLANG_WARN_COMMA = YES;
				CLANG_WARN_CONSTANT_CONVERSION = YES;
				CLANG_WARN_DEPRECATED_OBJC_IMPLEMENTATIONS = YES;
				CLANG_WARN_DIRECT_OBJC_ISA_USAGE = YES_ERROR;
				CLANG_WARN_DOCUMENTATION_COMMENTS = YES;
				CLANG_WARN_EMPTY_BODY = YES;
				CLANG_WARN_ENUM_CONVERSION = YES;
				CLANG_WARN_INFINITE_RECURSION = YES;
				CLANG_WARN_INT_CONVERSION = YES;
				CLANG_WARN_NON_LITERAL_NULL_CONVERSION = YES;
				CLANG_WARN_OBJC_IMPLICIT_RETAIN_SELF = YES;
				CLANG_WARN_OBJC_LITERAL_CONVERSION = YES;
				CLANG_WARN_OBJC_ROOT_CLASS = YES_ERROR;
				CLANG_WARN_QUOTED_INCLUDE_IN_FRAMEWORK_HEADER = YES;
				CLANG_WARN_RANGE_LOOP_ANALYSIS = YES;
				CLANG_WARN_STRICT_PROTOTYPES = YES;
				CLANG_WARN_SUSPICIOUS_MOVE = YES;
				CLANG_WARN_UNGUARDED_AVAILABILITY = YES_AGGRESSIVE;
				CLANG_WARN_UNREACHABLE_CODE = YES;
				CLANG_WARN__DUPLICATE_METHOD_MATCH = YES;
				COPY_PHASE_STRIP = NO;
				DEBUG_INFORMATION_FORMAT = dwarf;
				ENABLE_STRICT_OBJC_MSGSEND = YES;
				ENABLE_TESTABILITY = YES;
				GCC_C_LANGUAGE_STANDARD = gnu11;
				GCC_DYNAMIC_NO_PIC = NO;
				GCC_NO_COMMON_BLOCKS = YES;
				GCC_OPTIMIZATION_LEVEL = 0;
				GCC_PREPROCESSOR_DEFINITIONS = (
					"DEBUG=1",
					"$(inherited)",
				);
				GCC_WARN_64_TO_32_BIT_CONVERSION = YES;
				GCC_WARN_ABOUT_RETURN_TYPE = YES_ERROR;
				GCC_WARN_UNDECLARED_SELECTOR = YES;
				GCC_WARN_UNINITIALIZED_AUTOS = YES_AGGRESSIVE;
				GCC_WARN_UNUSED_FUNCTION = YES;
				GCC_WARN_UNUSED_VARIABLE = YES;
				IPHONEOS_DEPLOYMENT_TARGET = 15.4;
				MTL_ENABLE_DEBUG_INFO = INCLUDE_SOURCE;
				MTL_FAST_MATH = YES;
				ONLY_ACTIVE_ARCH = YES;
				SDKROOT = iphoneos;
				SWIFT_ACTIVE_COMPILATION_CONDITIONS = DEBUG;
				SWIFT_OPTIMIZATION_LEVEL = "-Onone";
			};
			name = Debug;
		};
		61691A5527E61E6000F421A8 /* Release */ = {
			isa = XCBuildConfiguration;
			buildSettings = {
				ALWAYS_SEARCH_USER_PATHS = NO;
				CLANG_ANALYZER_NONNULL = YES;
				CLANG_ANALYZER_NUMBER_OBJECT_CONVERSION = YES_AGGRESSIVE;
				CLANG_CXX_LANGUAGE_STANDARD = "gnu++17";
				CLANG_ENABLE_MODULES = YES;
				CLANG_ENABLE_OBJC_ARC = YES;
				CLANG_ENABLE_OBJC_WEAK = YES;
				CLANG_WARN_BLOCK_CAPTURE_AUTORELEASING = YES;
				CLANG_WARN_BOOL_CONVERSION = YES;
				CLANG_WARN_COMMA = YES;
				CLANG_WARN_CONSTANT_CONVERSION = YES;
				CLANG_WARN_DEPRECATED_OBJC_IMPLEMENTATIONS = YES;
				CLANG_WARN_DIRECT_OBJC_ISA_USAGE = YES_ERROR;
				CLANG_WARN_DOCUMENTATION_COMMENTS = YES;
				CLANG_WARN_EMPTY_BODY = YES;
				CLANG_WARN_ENUM_CONVERSION = YES;
				CLANG_WARN_INFINITE_RECURSION = YES;
				CLANG_WARN_INT_CONVERSION = YES;
				CLANG_WARN_NON_LITERAL_NULL_CONVERSION = YES;
				CLANG_WARN_OBJC_IMPLICIT_RETAIN_SELF = YES;
				CLANG_WARN_OBJC_LITERAL_CONVERSION = YES;
				CLANG_WARN_OBJC_ROOT_CLASS = YES_ERROR;
				CLANG_WARN_QUOTED_INCLUDE_IN_FRAMEWORK_HEADER = YES;
				CLANG_WARN_RANGE_LOOP_ANALYSIS = YES;
				CLANG_WARN_STRICT_PROTOTYPES = YES;
				CLANG_WARN_SUSPICIOUS_MOVE = YES;
				CLANG_WARN_UNGUARDED_AVAILABILITY = YES_AGGRESSIVE;
				CLANG_WARN_UNREACHABLE_CODE = YES;
				CLANG_WARN__DUPLICATE_METHOD_MATCH = YES;
				COPY_PHASE_STRIP = NO;
				DEBUG_INFORMATION_FORMAT = "dwarf-with-dsym";
				ENABLE_NS_ASSERTIONS = NO;
				ENABLE_STRICT_OBJC_MSGSEND = YES;
				GCC_C_LANGUAGE_STANDARD = gnu11;
				GCC_NO_COMMON_BLOCKS = YES;
				GCC_WARN_64_TO_32_BIT_CONVERSION = YES;
				GCC_WARN_ABOUT_RETURN_TYPE = YES_ERROR;
				GCC_WARN_UNDECLARED_SELECTOR = YES;
				GCC_WARN_UNINITIALIZED_AUTOS = YES_AGGRESSIVE;
				GCC_WARN_UNUSED_FUNCTION = YES;
				GCC_WARN_UNUSED_VARIABLE = YES;
				IPHONEOS_DEPLOYMENT_TARGET = 15.4;
				MTL_ENABLE_DEBUG_INFO = NO;
				MTL_FAST_MATH = YES;
				SDKROOT = iphoneos;
				SWIFT_COMPILATION_MODE = wholemodule;
				SWIFT_OPTIMIZATION_LEVEL = "-O";
				VALIDATE_PRODUCT = YES;
			};
			name = Release;
		};
		61691A5727E61E6000F421A8 /* Debug */ = {
			isa = XCBuildConfiguration;
			buildSettings = {
				ASSETCATALOG_COMPILER_APPICON_NAME = AppIcon;
				ASSETCATALOG_COMPILER_GLOBAL_ACCENT_COLOR_NAME = AccentColor;
				CODE_SIGN_STYLE = Automatic;
				CURRENT_PROJECT_VERSION = 1;
				GENERATE_INFOPLIST_FILE = YES;
				INFOPLIST_FILE = AluraViagens/Info.plist;
				INFOPLIST_KEY_UIApplicationSupportsIndirectInputEvents = YES;
				INFOPLIST_KEY_UILaunchStoryboardName = LaunchScreen;
				INFOPLIST_KEY_UIMainStoryboardFile = Main;
				INFOPLIST_KEY_UISupportedInterfaceOrientations_iPad = "UIInterfaceOrientationPortrait UIInterfaceOrientationPortraitUpsideDown UIInterfaceOrientationLandscapeLeft UIInterfaceOrientationLandscapeRight";
				INFOPLIST_KEY_UISupportedInterfaceOrientations_iPhone = "UIInterfaceOrientationPortrait UIInterfaceOrientationLandscapeLeft UIInterfaceOrientationLandscapeRight";
				LD_RUNPATH_SEARCH_PATHS = (
					"$(inherited)",
					"@executable_path/Frameworks",
				);
				MARKETING_VERSION = 1.0;
				PRODUCT_BUNDLE_IDENTIFIER = br.com.jcls.AluraViagens;
				PRODUCT_NAME = "$(TARGET_NAME)";
				SWIFT_EMIT_LOC_STRINGS = YES;
				SWIFT_VERSION = 5.0;
				TARGETED_DEVICE_FAMILY = "1,2";
			};
			name = Debug;
		};
		61691A5827E61E6000F421A8 /* Release */ = {
			isa = XCBuildConfiguration;
			buildSettings = {
				ASSETCATALOG_COMPILER_APPICON_NAME = AppIcon;
				ASSETCATALOG_COMPILER_GLOBAL_ACCENT_COLOR_NAME = AccentColor;
				CODE_SIGN_STYLE = Automatic;
				CURRENT_PROJECT_VERSION = 1;
				GENERATE_INFOPLIST_FILE = YES;
				INFOPLIST_FILE = AluraViagens/Info.plist;
				INFOPLIST_KEY_UIApplicationSupportsIndirectInputEvents = YES;
				INFOPLIST_KEY_UILaunchStoryboardName = LaunchScreen;
				INFOPLIST_KEY_UIMainStoryboardFile = Main;
				INFOPLIST_KEY_UISupportedInterfaceOrientations_iPad = "UIInterfaceOrientationPortrait UIInterfaceOrientationPortraitUpsideDown UIInterfaceOrientationLandscapeLeft UIInterfaceOrientationLandscapeRight";
				INFOPLIST_KEY_UISupportedInterfaceOrientations_iPhone = "UIInterfaceOrientationPortrait UIInterfaceOrientationLandscapeLeft UIInterfaceOrientationLandscapeRight";
				LD_RUNPATH_SEARCH_PATHS = (
					"$(inherited)",
					"@executable_path/Frameworks",
				);
				MARKETING_VERSION = 1.0;
				PRODUCT_BUNDLE_IDENTIFIER = br.com.jcls.AluraViagens;
				PRODUCT_NAME = "$(TARGET_NAME)";
				SWIFT_EMIT_LOC_STRINGS = YES;
				SWIFT_VERSION = 5.0;
				TARGETED_DEVICE_FAMILY = "1,2";
			};
			name = Release;
		};
/* End XCBuildConfiguration section */

/* Begin XCConfigurationList section */
		61691A3D27E61E5B00F421A8 /* Build configuration list for PBXProject "AluraViagens" */ = {
			isa = XCConfigurationList;
			buildConfigurations = (
				61691A5427E61E6000F421A8 /* Debug */,
				61691A5527E61E6000F421A8 /* Release */,
			);
			defaultConfigurationIsVisible = 0;
			defaultConfigurationName = Release;
		};
		61691A5627E61E6000F421A8 /* Build configuration list for PBXNativeTarget "AluraViagens" */ = {
			isa = XCConfigurationList;
			buildConfigurations = (
				61691A5727E61E6000F421A8 /* Debug */,
				61691A5827E61E6000F421A8 /* Release */,
			);
			defaultConfigurationIsVisible = 0;
			defaultConfigurationName = Release;
		};
/* End XCConfigurationList section */
	};
	rootObject = 61691A3A27E61E5B00F421A8 /* Project object */;
}
